
Microsoft Visual Studio Solution File, Format Version 12.00
# Visual Studio Version 17
VisualStudioVersion = 17.0.31919.166
MinimumVisualStudioVersion = 10.0.40219.1
Project("{FAE04EC0-301F-11D3-BF4B-00C04F79EFBC}") = "StringExtractLib", "src\StringExtractLib\StringExtractLib.csproj", "{27C06CD3-D73B-457A-A858-B87C1FFAEA51}"
EndProject
Global
	GlobalSection(SolutionConfigurationPlatforms) = preSolution
		Debug|Any CPU = Debug|Any CPU
		Release|Any CPU = Release|Any CPU
	EndGlobalSection
	GlobalSection(ProjectConfigurationPlatforms) = postSolution
		{27C06CD3-D73B-457A-A858-B87C1FFAEA51}.Debug|Any CPU.ActiveCfg = Debug|Any CPU
		{27C06CD3-D73B-457A-A858-B87C1FFAEA51}.Debug|Any CPU.Build.0 = Debug|Any CPU
		{27C06CD3-D73B-457A-A858-B87C1FFAEA51}.Release|Any CPU.ActiveCfg = Release|Any CPU
		{27C06CD3-D73B-457A-A858-B87C1FFAEA51}.Release|Any CPU.Build.0 = Release|Any CPU
	EndGlobalSection
	GlobalSection(SolutionProperties) = preSolution
		HideSolutionNode = FALSE
	EndGlobalSection
	GlobalSection(ExtensibilityGlobals) = postSolution
		SolutionGuid = {CC4A5FB6-5692-4378-BDF3-D5B6993204C6}
	EndGlobalSection
EndGlobal
