
Microsoft Visual Studio Solution File, Format Version 12.00
# Visual Studio Version 17
VisualStudioVersion = 17.0.31919.166
MinimumVisualStudioVersion = 10.0.40219.1
Project("{FAE04EC0-301F-11D3-BF4B-00C04F79EFBC}") = "StringExtractLib", "src\StringExtractLib\StringExtractLib.csproj", "{27C06CD3-D73B-457A-A858-B87C1FFAEA51}"
EndProject
Project("{FAE04EC0-301F-11D3-BF4B-00C04F79EFBC}") = "StringExtractLib.Tests", "test\StringExtractLib.Tests\StringExtractLib.Tests.csproj", "{BA42B0F6-34AB-4742-B05D-E2A7CADCF944}"
EndProject
Project("{FAE04EC0-301F-11D3-BF4B-00C04F79EFBC}") = "StringExtractLib.Memory", "src\StringExtractLib.Memory\StringExtractLib.Memory.csproj", "{B7DE8D91-4CD5-43F4-AB7D-E6BE7726ED7F}"
EndProject
Global
	GlobalSection(SolutionConfigurationPlatforms) = preSolution
		Debug|Any CPU = Debug|Any CPU
		Release|Any CPU = Release|Any CPU
	EndGlobalSection
	GlobalSection(ProjectConfigurationPlatforms) = postSolution
		{27C06CD3-D73B-457A-A858-B87C1FFAEA51}.Debug|Any CPU.ActiveCfg = Debug|Any CPU
		{27C06CD3-D73B-457A-A858-B87C1FFAEA51}.Debug|Any CPU.Build.0 = Debug|Any CPU
		{27C06CD3-D73B-457A-A858-B87C1FFAEA51}.Release|Any CPU.ActiveCfg = Release|Any CPU
		{27C06CD3-D73B-457A-A858-B87C1FFAEA51}.Release|Any CPU.Build.0 = Release|Any CPU
		{BA42B0F6-34AB-4742-B05D-E2A7CADCF944}.Debug|Any CPU.ActiveCfg = Debug|Any CPU
		{BA42B0F6-34AB-4742-B05D-E2A7CADCF944}.Debug|Any CPU.Build.0 = Debug|Any CPU
		{BA42B0F6-34AB-4742-B05D-E2A7CADCF944}.Release|Any CPU.ActiveCfg = Release|Any CPU
		{BA42B0F6-34AB-4742-B05D-E2A7CADCF944}.Release|Any CPU.Build.0 = Release|Any CPU
		{B7DE8D91-4CD5-43F4-AB7D-E6BE7726ED7F}.Debug|Any CPU.ActiveCfg = Debug|Any CPU
		{B7DE8D91-4CD5-43F4-AB7D-E6BE7726ED7F}.Debug|Any CPU.Build.0 = Debug|Any CPU
		{B7DE8D91-4CD5-43F4-AB7D-E6BE7726ED7F}.Release|Any CPU.ActiveCfg = Release|Any CPU
		{B7DE8D91-4CD5-43F4-AB7D-E6BE7726ED7F}.Release|Any CPU.Build.0 = Release|Any CPU
	EndGlobalSection
	GlobalSection(SolutionProperties) = preSolution
		HideSolutionNode = FALSE
	EndGlobalSection
	GlobalSection(ExtensibilityGlobals) = postSolution
		SolutionGuid = {CC4A5FB6-5692-4378-BDF3-D5B6993204C6}
	EndGlobalSection
EndGlobal
