
Microsoft Visual Studio Solution File, Format Version 12.00
# Visual Studio 15
VisualStudioVersion = 15.0.26430.15
MinimumVisualStudioVersion = 10.0.40219.1
Project("{FAE04EC0-301F-11D3-BF4B-00C04F79EFBC}") = "StringExtract.Library", "StringExtract.Library\StringExtract.Library.csproj", "{BCFB3C43-C760-44C6-AF95-51019FE2CAAA}"
EndProject
Project("{FAE04EC0-301F-11D3-BF4B-00C04F79EFBC}") = "StringExtract.Demo", "StringExtract.Demo\StringExtract.Demo.csproj", "{6FF47537-C77B-4915-9E0A-E9B984749F80}"
EndProject
Project("{FAE04EC0-301F-11D3-BF4B-00C04F79EFBC}") = "StringExtract.Dummy", "StringExtract.Dummy\StringExtract.Dummy.csproj", "{70F0CCAE-3DA6-470D-84A1-6B217188508C}"
EndProject
Global
	GlobalSection(SolutionConfigurationPlatforms) = preSolution
		Debug|Any CPU = Debug|Any CPU
		Release|Any CPU = Release|Any CPU
	EndGlobalSection
	GlobalSection(ProjectConfigurationPlatforms) = postSolution
		{BCFB3C43-C760-44C6-AF95-51019FE2CAAA}.Debug|Any CPU.ActiveCfg = Debug|Any CPU
		{BCFB3C43-C760-44C6-AF95-51019FE2CAAA}.Debug|Any CPU.Build.0 = Debug|Any CPU
		{BCFB3C43-C760-44C6-AF95-51019FE2CAAA}.Release|Any CPU.ActiveCfg = Release|Any CPU
		{BCFB3C43-C760-44C6-AF95-51019FE2CAAA}.Release|Any CPU.Build.0 = Release|Any CPU
		{6FF47537-C77B-4915-9E0A-E9B984749F80}.Debug|Any CPU.ActiveCfg = Debug|Any CPU
		{6FF47537-C77B-4915-9E0A-E9B984749F80}.Debug|Any CPU.Build.0 = Debug|Any CPU
		{6FF47537-C77B-4915-9E0A-E9B984749F80}.Release|Any CPU.ActiveCfg = Release|Any CPU
		{6FF47537-C77B-4915-9E0A-E9B984749F80}.Release|Any CPU.Build.0 = Release|Any CPU
		{70F0CCAE-3DA6-470D-84A1-6B217188508C}.Debug|Any CPU.ActiveCfg = Debug|Any CPU
		{70F0CCAE-3DA6-470D-84A1-6B217188508C}.Debug|Any CPU.Build.0 = Debug|Any CPU
		{70F0CCAE-3DA6-470D-84A1-6B217188508C}.Release|Any CPU.ActiveCfg = Release|Any CPU
		{70F0CCAE-3DA6-470D-84A1-6B217188508C}.Release|Any CPU.Build.0 = Release|Any CPU
	EndGlobalSection
	GlobalSection(SolutionProperties) = preSolution
		HideSolutionNode = FALSE
	EndGlobalSection
EndGlobal
